// !$*UTF8*$!
{
	archiveVersion = 1;
	classes = {
	};
	objectVersion = 56;
	objects = {

/* Begin PBXBuildFile section */
		A70AE6922C19A2BA0085AA22 /* RegisterViewController.swift in Sources */ = {isa = PBXBuildFile; fileRef = A70AE6912C19A2BA0085AA22 /* RegisterViewController.swift */; };
		A70AE6942C19A3030085AA22 /* InfoViewController.swift in Sources */ = {isa = PBXBuildFile; fileRef = A70AE6932C19A3030085AA22 /* InfoViewController.swift */; };
		A70AE6962C19A3300085AA22 /* HistoryViewController.swift in Sources */ = {isa = PBXBuildFile; fileRef = A70AE6952C19A3300085AA22 /* HistoryViewController.swift */; };
		A70AE6992C19A36F0085AA22 /* ChangeViewController.swift in Sources */ = {isa = PBXBuildFile; fileRef = A70AE6982C19A36F0085AA22 /* ChangeViewController.swift */; };
		A75E2B362C193D1800F37296 /* AppDelegate.swift in Sources */ = {isa = PBXBuildFile; fileRef = A75E2B352C193D1800F37296 /* AppDelegate.swift */; };
		A75E2B382C193D1800F37296 /* SceneDelegate.swift in Sources */ = {isa = PBXBuildFile; fileRef = A75E2B372C193D1800F37296 /* SceneDelegate.swift */; };
		A75E2B3A2C193D1800F37296 /* LoginViewController.swift in Sources */ = {isa = PBXBuildFile; fileRef = A75E2B392C193D1800F37296 /* LoginViewController.swift */; };
		A75E2B3D2C193D1800F37296 /* Base in Resources */ = {isa = PBXBuildFile; fileRef = A75E2B3C2C193D1800F37296 /* Base */; };
		A75E2B3F2C193D1900F37296 /* Assets.xcassets in Resources */ = {isa = PBXBuildFile; fileRef = A75E2B3E2C193D1900F37296 /* Assets.xcassets */; };
		A75E2B422C193D1900F37296 /* Base in Resources */ = {isa = PBXBuildFile; fileRef = A75E2B412C193D1900F37296 /* Base */; };
/* End PBXBuildFile section */

/* Begin PBXFileReference section */
		A70AE6912C19A2BA0085AA22 /* RegisterViewController.swift */ = {isa = PBXFileReference; lastKnownFileType = sourcecode.swift; path = RegisterViewController.swift; sourceTree = "<group>"; };
		A70AE6932C19A3030085AA22 /* InfoViewController.swift */ = {isa = PBXFileReference; lastKnownFileType = sourcecode.swift; path = InfoViewController.swift; sourceTree = "<group>"; };
		A70AE6952C19A3300085AA22 /* HistoryViewController.swift */ = {isa = PBXFileReference; lastKnownFileType = sourcecode.swift; path = HistoryViewController.swift; sourceTree = "<group>"; };
		A70AE6982C19A36F0085AA22 /* ChangeViewController.swift */ = {isa = PBXFileReference; lastKnownFileType = sourcecode.swift; path = ChangeViewController.swift; sourceTree = "<group>"; };
		A75E2B322C193D1800F37296 /* Login_5.1.app */ = {isa = PBXFileReference; explicitFileType = wrapper.application; includeInIndex = 0; path = Login_5.1.app; sourceTree = BUILT_PRODUCTS_DIR; };
		A75E2B352C193D1800F37296 /* AppDelegate.swift */ = {isa = PBXFileReference; lastKnownFileType = sourcecode.swift; path = AppDelegate.swift; sourceTree = "<group>"; };
		A75E2B372C193D1800F37296 /* SceneDelegate.swift */ = {isa = PBXFileReference; lastKnownFileType = sourcecode.swift; path = SceneDelegate.swift; sourceTree = "<group>"; };
		A75E2B392C193D1800F37296 /* LoginViewController.swift */ = {isa = PBXFileReference; lastKnownFileType = sourcecode.swift; path = LoginViewController.swift; sourceTree = "<group>"; };
		A75E2B3C2C193D1800F37296 /* Base */ = {isa = PBXFileReference; lastKnownFileType = file.storyboard; name = Base; path = Base.lproj/Main.storyboard; sourceTree = "<group>"; };
		A75E2B3E2C193D1900F37296 /* Assets.xcassets */ = {isa = PBXFileReference; lastKnownFileType = folder.assetcatalog; path = Assets.xcassets; sourceTree = "<group>"; };
		A75E2B412C193D1900F37296 /* Base */ = {isa = PBXFileReference; lastKnownFileType = file.storyboard; name = Base; path = Base.lproj/LaunchScreen.storyboard; sourceTree = "<group>"; };
		A75E2B432C193D1900F37296 /* Info.plist */ = {isa = PBXFileReference; lastKnownFileType = text.plist.xml; path = Info.plist; sourceTree = "<group>"; };
/* End PBXFileReference section */

/* Begin PBXFrameworksBuildPhase section */
		A75E2B2F2C193D1800F37296 /* Frameworks */ = {
			isa = PBXFrameworksBuildPhase;
			buildActionMask = 2147483647;
			files = (
			);
			runOnlyForDeploymentPostprocessing = 0;
		};
/* End PBXFrameworksBuildPhase section */

/* Begin PBXGroup section */
		A70AE6972C19A3380085AA22 /* Controller */ = {
			isa = PBXGroup;
			children = (
				A75E2B392C193D1800F37296 /* LoginViewController.swift */,
				A70AE6912C19A2BA0085AA22 /* RegisterViewController.swift */,
				A70AE6932C19A3030085AA22 /* InfoViewController.swift */,
				A70AE6952C19A3300085AA22 /* HistoryViewController.swift */,
				A70AE6982C19A36F0085AA22 /* ChangeViewController.swift */,
			);
			path = Controller;
			sourceTree = "<group>";
		};
		A75E2B292C193D1800F37296 = {
			isa = PBXGroup;
			children = (
				A75E2B342C193D1800F37296 /* Login_5.1 */,
				A75E2B332C193D1800F37296 /* Products */,
			);
			sourceTree = "<group>";
		};
		A75E2B332C193D1800F37296 /* Products */ = {
			isa = PBXGroup;
			children = (
				A75E2B322C193D1800F37296 /* Login_5.1.app */,
			);
			name = Products;
			sourceTree = "<group>";
		};
		A75E2B342C193D1800F37296 /* Login_5.1 */ = {
			isa = PBXGroup;
			children = (
				A70AE6972C19A3380085AA22 /* Controller */,
				A75E2B352C193D1800F37296 /* AppDelegate.swift */,
				A75E2B372C193D1800F37296 /* SceneDelegate.swift */,
				A75E2B3B2C193D1800F37296 /* Main.storyboard */,
				A75E2B3E2C193D1900F37296 /* Assets.xcassets */,
				A75E2B402C193D1900F37296 /* LaunchScreen.storyboard */,
				A75E2B432C193D1900F37296 /* Info.plist */,
			);
			path = Login_5.1;
			sourceTree = "<group>";
		};
/* End PBXGroup section */

/* Begin PBXNativeTarget section */
		A75E2B312C193D1800F37296 /* Login_5.1 */ = {
			isa = PBXNativeTarget;
			buildConfigurationList = A75E2B462C193D1900F37296 /* Build configuration list for PBXNativeTarget "Login_5.1" */;
			buildPhases = (
				A75E2B2E2C193D1800F37296 /* Sources */,
				A75E2B2F2C193D1800F37296 /* Frameworks */,
				A75E2B302C193D1800F37296 /* Resources */,
			);
			buildRules = (
			);
			dependencies = (
			);
			name = Login_5.1;
			productName = Login_5.1;
			productReference = A75E2B322C193D1800F37296 /* Login_5.1.app */;
			productType = "com.apple.product-type.application";
		};
/* End PBXNativeTarget section */

/* Begin PBXProject section */
		A75E2B2A2C193D1800F37296 /* Project object */ = {
			isa = PBXProject;
			attributes = {
				BuildIndependentTargetsInParallel = 1;
				LastSwiftUpdateCheck = 1540;
				LastUpgradeCheck = 1540;
				TargetAttributes = {
					A75E2B312C193D1800F37296 = {
						CreatedOnToolsVersion = 15.4;
					};
				};
			};
			buildConfigurationList = A75E2B2D2C193D1800F37296 /* Build configuration list for PBXProject "Login_5.1" */;
			compatibilityVersion = "Xcode 14.0";
			developmentRegion = en;
			hasScannedForEncodings = 0;
			knownRegions = (
				en,
				Base,
			);
			mainGroup = A75E2B292C193D1800F37296;
			productRefGroup = A75E2B332C193D1800F37296 /* Products */;
			projectDirPath = "";
			projectRoot = "";
			targets = (
				A75E2B312C193D1800F37296 /* Login_5.1 */,
			);
		};
/* End PBXProject section */

/* Begin PBXResourcesBuildPhase section */
		A75E2B302C193D1800F37296 /* Resources */ = {
			isa = PBXResourcesBuildPhase;
			buildActionMask = 2147483647;
			files = (
				A75E2B3F2C193D1900F37296 /* Assets.xcassets in Resources */,
				A75E2B422C193D1900F37296 /* Base in Resources */,
				A75E2B3D2C193D1800F37296 /* Base in Resources */,
			);
			runOnlyForDeploymentPostprocessing = 0;
		};
/* End PBXResourcesBuildPhase section */

/* Begin PBXSourcesBuildPhase section */
		A75E2B2E2C193D1800F37296 /* Sources */ = {
			isa = PBXSourcesBuildPhase;
			buildActionMask = 2147483647;
			files = (
				A70AE6992C19A36F0085AA22 /* ChangeViewController.swift in Sources */,
				A75E2B3A2C193D1800F37296 /* LoginViewController.swift in Sources */,
				A75E2B362C193D1800F37296 /* AppDelegate.swift in Sources */,
				A75E2B382C193D1800F37296 /* SceneDelegate.swift in Sources */,
				A70AE6962C19A3300085AA22 /* HistoryViewController.swift in Sources */,
				A70AE6922C19A2BA0085AA22 /* RegisterViewController.swift in Sources */,
				A70AE6942C19A3030085AA22 /* InfoViewController.swift in Sources */,
			);
			runOnlyForDeploymentPostprocessing = 0;
		};
/* End PBXSourcesBuildPhase section */

/* Begin PBXVariantGroup section */
		A75E2B3B2C193D1800F37296 /* Main.storyboard */ = {
			isa = PBXVariantGroup;
			children = (
				A75E2B3C2C193D1800F37296 /* Base */,
			);
			name = Main.storyboard;
			sourceTree = "<group>";
		};
		A75E2B402C193D1900F37296 /* LaunchScreen.storyboard */ = {
			isa = PBXVariantGroup;
			children = (
				A75E2B412C193D1900F37296 /* Base */,
			);
			name = LaunchScreen.storyboard;
			sourceTree = "<group>";
		};
/* End PBXVariantGroup section */

/* Begin XCBuildConfiguration section */
		A75E2B442C193D1900F37296 /* Debug */ = {
			isa = XCBuildConfiguration;
			buildSettings = {
				ALWAYS_SEARCH_USER_PATHS = NO;
				ASSETCATALOG_COMPILER_GENERATE_SWIFT_ASSET_SYMBOL_EXTENSIONS = YES;
				CLANG_ANALYZER_NONNULL = YES;
				CLANG_ANALYZER_NUMBER_OBJECT_CONVERSION = YES_AGGRESSIVE;
				CLANG_CXX_LANGUAGE_STANDARD = "gnu++20";
				CLANG_ENABLE_MODULES = YES;
				CLANG_ENABLE_OBJC_ARC = YES;
				CLANG_ENABLE_OBJC_WEAK = YES;
				CLANG_WARN_BLOCK_CAPTURE_AUTORELEASING = YES;
				CLANG_WARN_BOOL_CONVERSION = YES;
				CLANG_WARN_COMMA = YES;
				CLANG_WARN_CONSTANT_CONVERSION = YES;
				CLANG_WARN_DEPRECATED_OBJC_IMPLEMENTATIONS = YES;
				CLANG_WARN_DIRECT_OBJC_ISA_USAGE = YES_ERROR;
				CLANG_WARN_DOCUMENTATION_COMMENTS = YES;
				CLANG_WARN_EMPTY_BODY = YES;
				CLANG_WARN_ENUM_CONVERSION = YES;
				CLANG_WARN_INFINITE_RECURSION = YES;
				CLANG_WARN_INT_CONVERSION = YES;
				CLANG_WARN_NON_LITERAL_NULL_CONVERSION = YES;
				CLANG_WARN_OBJC_IMPLICIT_RETAIN_SELF = YES;
				CLANG_WARN_OBJC_LITERAL_CONVERSION = YES;
				CLANG_WARN_OBJC_ROOT_CLASS = YES_ERROR;
				CLANG_WARN_QUOTED_INCLUDE_IN_FRAMEWORK_HEADER = YES;
				CLANG_WARN_RANGE_LOOP_ANALYSIS = YES;
				CLANG_WARN_STRICT_PROTOTYPES = YES;
				CLANG_WARN_SUSPICIOUS_MOVE = YES;
				CLANG_WARN_UNGUARDED_AVAILABILITY = YES_AGGRESSIVE;
				CLANG_WARN_UNREACHABLE_CODE = YES;
				CLANG_WARN__DUPLICATE_METHOD_MATCH = YES;
				COPY_PHASE_STRIP = NO;
				DEBUG_INFORMATION_FORMAT = dwarf;
				ENABLE_STRICT_OBJC_MSGSEND = YES;
				ENABLE_TESTABILITY = YES;
				ENABLE_USER_SCRIPT_SANDBOXING = YES;
				GCC_C_LANGUAGE_STANDARD = gnu17;
				GCC_DYNAMIC_NO_PIC = NO;
				GCC_NO_COMMON_BLOCKS = YES;
				GCC_OPTIMIZATION_LEVEL = 0;
				GCC_PREPROCESSOR_DEFINITIONS = (
					"DEBUG=1",
					"$(inherited)",
				);
				GCC_WARN_64_TO_32_BIT_CONVERSION = YES;
				GCC_WARN_ABOUT_RETURN_TYPE = YES_ERROR;
				GCC_WARN_UNDECLARED_SELECTOR = YES;
				GCC_WARN_UNINITIALIZED_AUTOS = YES_AGGRESSIVE;
				GCC_WARN_UNUSED_FUNCTION = YES;
				GCC_WARN_UNUSED_VARIABLE = YES;
				IPHONEOS_DEPLOYMENT_TARGET = 17.5;
				LOCALIZATION_PREFERS_STRING_CATALOGS = YES;
				MTL_ENABLE_DEBUG_INFO = INCLUDE_SOURCE;
				MTL_FAST_MATH = YES;
				ONLY_ACTIVE_ARCH = YES;
				SDKROOT = iphoneos;
				SWIFT_ACTIVE_COMPILATION_CONDITIONS = "DEBUG $(inherited)";
				SWIFT_OPTIMIZATION_LEVEL = "-Onone";
			};
			name = Debug;
		};
		A75E2B452C193D1900F37296 /* Release */ = {
			isa = XCBuildConfiguration;
			buildSettings = {
				ALWAYS_SEARCH_USER_PATHS = NO;
				ASSETCATALOG_COMPILER_GENERATE_SWIFT_ASSET_SYMBOL_EXTENSIONS = YES;
				CLANG_ANALYZER_NONNULL = YES;
				CLANG_ANALYZER_NUMBER_OBJECT_CONVERSION = YES_AGGRESSIVE;
				CLANG_CXX_LANGUAGE_STANDARD = "gnu++20";
				CLANG_ENABLE_MODULES = YES;
				CLANG_ENABLE_OBJC_ARC = YES;
				CLANG_ENABLE_OBJC_WEAK = YES;
				CLANG_WARN_BLOCK_CAPTURE_AUTORELEASING = YES;
				CLANG_WARN_BOOL_CONVERSION = YES;
				CLANG_WARN_COMMA = YES;
				CLANG_WARN_CONSTANT_CONVERSION = YES;
				CLANG_WARN_DEPRECATED_OBJC_IMPLEMENTATIONS = YES;
				CLANG_WARN_DIRECT_OBJC_ISA_USAGE = YES_ERROR;
				CLANG_WARN_DOCUMENTATION_COMMENTS = YES;
				CLANG_WARN_EMPTY_BODY = YES;
				CLANG_WARN_ENUM_CONVERSION = YES;
				CLANG_WARN_INFINITE_RECURSION = YES;
				CLANG_WARN_INT_CONVERSION = YES;
				CLANG_WARN_NON_LITERAL_NULL_CONVERSION = YES;
				CLANG_WARN_OBJC_IMPLICIT_RETAIN_SELF = YES;
				CLANG_WARN_OBJC_LITERAL_CONVERSION = YES;
				CLANG_WARN_OBJC_ROOT_CLASS = YES_ERROR;
				CLANG_WARN_QUOTED_INCLUDE_IN_FRAMEWORK_HEADER = YES;
				CLANG_WARN_RANGE_LOOP_ANALYSIS = YES;
				CLANG_WARN_STRICT_PROTOTYPES = YES;
				CLANG_WARN_SUSPICIOUS_MOVE = YES;
				CLANG_WARN_UNGUARDED_AVAILABILITY = YES_AGGRESSIVE;
				CLANG_WARN_UNREACHABLE_CODE = YES;
				CLANG_WARN__DUPLICATE_METHOD_MATCH = YES;
				COPY_PHASE_STRIP = NO;
				DEBUG_INFORMATION_FORMAT = "dwarf-with-dsym";
				ENABLE_NS_ASSERTIONS = NO;
				ENABLE_STRICT_OBJC_MSGSEND = YES;
				ENABLE_USER_SCRIPT_SANDBOXING = YES;
				GCC_C_LANGUAGE_STANDARD = gnu17;
				GCC_NO_COMMON_BLOCKS = YES;
				GCC_WARN_64_TO_32_BIT_CONVERSION = YES;
				GCC_WARN_ABOUT_RETURN_TYPE = YES_ERROR;
				GCC_WARN_UNDECLARED_SELECTOR = YES;
				GCC_WARN_UNINITIALIZED_AUTOS = YES_AGGRESSIVE;
				GCC_WARN_UNUSED_FUNCTION = YES;
				GCC_WARN_UNUSED_VARIABLE = YES;
				IPHONEOS_DEPLOYMENT_TARGET = 17.5;
				LOCALIZATION_PREFERS_STRING_CATALOGS = YES;
				MTL_ENABLE_DEBUG_INFO = NO;
				MTL_FAST_MATH = YES;
				SDKROOT = iphoneos;
				SWIFT_COMPILATION_MODE = wholemodule;
				VALIDATE_PRODUCT = YES;
			};
			name = Release;
		};
		A75E2B472C193D1900F37296 /* Debug */ = {
			isa = XCBuildConfiguration;
			buildSettings = {
				ASSETCATALOG_COMPILER_APPICON_NAME = AppIcon;
				ASSETCATALOG_COMPILER_GLOBAL_ACCENT_COLOR_NAME = AccentColor;
				CODE_SIGN_STYLE = Automatic;
				CURRENT_PROJECT_VERSION = 1;
				GENERATE_INFOPLIST_FILE = YES;
				INFOPLIST_FILE = Login_5.1/Info.plist;
				INFOPLIST_KEY_UIApplicationSupportsIndirectInputEvents = YES;
				INFOPLIST_KEY_UILaunchStoryboardName = LaunchScreen;
				INFOPLIST_KEY_UIMainStoryboardFile = Main;
				INFOPLIST_KEY_UISupportedInterfaceOrientations_iPad = "UIInterfaceOrientationPortrait UIInterfaceOrientationPortraitUpsideDown UIInterfaceOrientationLandscapeLeft UIInterfaceOrientationLandscapeRight";
				INFOPLIST_KEY_UISupportedInterfaceOrientations_iPhone = "UIInterfaceOrientationPortrait UIInterfaceOrientationLandscapeLeft UIInterfaceOrientationLandscapeRight";
				LD_RUNPATH_SEARCH_PATHS = (
					"$(inherited)",
					"@executable_path/Frameworks",
				);
				MARKETING_VERSION = 1.0;
				PRODUCT_BUNDLE_IDENTIFIER = "com.psi.Login-5-1";
				PRODUCT_NAME = "$(TARGET_NAME)";
				SWIFT_EMIT_LOC_STRINGS = YES;
				SWIFT_VERSION = 5.0;
				TARGETED_DEVICE_FAMILY = "1,2";
			};
			name = Debug;
		};
		A75E2B482C193D1900F37296 /* Release */ = {
			isa = XCBuildConfiguration;
			buildSettings = {
				ASSETCATALOG_COMPILER_APPICON_NAME = AppIcon;
				ASSETCATALOG_COMPILER_GLOBAL_ACCENT_COLOR_NAME = AccentColor;
				CODE_SIGN_STYLE = Automatic;
				CURRENT_PROJECT_VERSION = 1;
				GENERATE_INFOPLIST_FILE = YES;
				INFOPLIST_FILE = Login_5.1/Info.plist;
				INFOPLIST_KEY_UIApplicationSupportsIndirectInputEvents = YES;
				INFOPLIST_KEY_UILaunchStoryboardName = LaunchScreen;
				INFOPLIST_KEY_UIMainStoryboardFile = Main;
				INFOPLIST_KEY_UISupportedInterfaceOrientations_iPad = "UIInterfaceOrientationPortrait UIInterfaceOrientationPortraitUpsideDown UIInterfaceOrientationLandscapeLeft UIInterfaceOrientationLandscapeRight";
				INFOPLIST_KEY_UISupportedInterfaceOrientations_iPhone = "UIInterfaceOrientationPortrait UIInterfaceOrientationLandscapeLeft UIInterfaceOrientationLandscapeRight";
				LD_RUNPATH_SEARCH_PATHS = (
					"$(inherited)",
					"@executable_path/Frameworks",
				);
				MARKETING_VERSION = 1.0;
				PRODUCT_BUNDLE_IDENTIFIER = "com.psi.Login-5-1";
				PRODUCT_NAME = "$(TARGET_NAME)";
				SWIFT_EMIT_LOC_STRINGS = YES;
				SWIFT_VERSION = 5.0;
				TARGETED_DEVICE_FAMILY = "1,2";
			};
			name = Release;
		};
/* End XCBuildConfiguration section */

/* Begin XCConfigurationList section */
		A75E2B2D2C193D1800F37296 /* Build configuration list for PBXProject "Login_5.1" */ = {
			isa = XCConfigurationList;
			buildConfigurations = (
				A75E2B442C193D1900F37296 /* Debug */,
				A75E2B452C193D1900F37296 /* Release */,
			);
			defaultConfigurationIsVisible = 0;
			defaultConfigurationName = Release;
		};
		A75E2B462C193D1900F37296 /* Build configuration list for PBXNativeTarget "Login_5.1" */ = {
			isa = XCConfigurationList;
			buildConfigurations = (
				A75E2B472C193D1900F37296 /* Debug */,
				A75E2B482C193D1900F37296 /* Release */,
			);
			defaultConfigurationIsVisible = 0;
			defaultConfigurationName = Release;
		};
/* End XCConfigurationList section */
	};
	rootObject = A75E2B2A2C193D1800F37296 /* Project object */;
}
