// !$*UTF8*$!
{
	archiveVersion = 1;
	classes = {
	};
	objectVersion = 56;
	objects = {

/* Begin PBXBuildFile section */
		A70C637A2C208AE4002D5006 /* AppDelegate.swift in Sources */ = {isa = PBXBuildFile; fileRef = A70C63792C208AE4002D5006 /* AppDelegate.swift */; };
		A70C637C2C208AE4002D5006 /* SceneDelegate.swift in Sources */ = {isa = PBXBuildFile; fileRef = A70C637B2C208AE4002D5006 /* SceneDelegate.swift */; };
		A70C637E2C208AE4002D5006 /* ViewController.swift in Sources */ = {isa = PBXBuildFile; fileRef = A70C637D2C208AE4002D5006 /* ViewController.swift */; };
		A70C63812C208AE4002D5006 /* Base in Resources */ = {isa = PBXBuildFile; fileRef = A70C63802C208AE4002D5006 /* Base */; };
		A70C63832C208AE5002D5006 /* Assets.xcassets in Resources */ = {isa = PBXBuildFile; fileRef = A70C63822C208AE5002D5006 /* Assets.xcassets */; };
		A70C63862C208AE5002D5006 /* Base in Resources */ = {isa = PBXBuildFile; fileRef = A70C63852C208AE5002D5006 /* Base */; };
		A70C638F2C208CF3002D5006 /* MainCollectionViewCell.swift in Sources */ = {isa = PBXBuildFile; fileRef = A70C638D2C208CF3002D5006 /* MainCollectionViewCell.swift */; };
		A70C63902C208CF3002D5006 /* MainCollectionViewCell.xib in Resources */ = {isa = PBXBuildFile; fileRef = A70C638E2C208CF3002D5006 /* MainCollectionViewCell.xib */; };
		A70C63922C209ECE002D5006 /* model.json in Resources */ = {isa = PBXBuildFile; fileRef = A70C63912C209ECE002D5006 /* model.json */; };
		A70C63942C209EFC002D5006 /* Model.swift in Sources */ = {isa = PBXBuildFile; fileRef = A70C63932C209EFC002D5006 /* Model.swift */; };
/* End PBXBuildFile section */

/* Begin PBXFileReference section */
		A70C63762C208AE4002D5006 /* CollectionView_5.2.app */ = {isa = PBXFileReference; explicitFileType = wrapper.application; includeInIndex = 0; path = CollectionView_5.2.app; sourceTree = BUILT_PRODUCTS_DIR; };
		A70C63792C208AE4002D5006 /* AppDelegate.swift */ = {isa = PBXFileReference; lastKnownFileType = sourcecode.swift; path = AppDelegate.swift; sourceTree = "<group>"; };
		A70C637B2C208AE4002D5006 /* SceneDelegate.swift */ = {isa = PBXFileReference; lastKnownFileType = sourcecode.swift; path = SceneDelegate.swift; sourceTree = "<group>"; };
		A70C637D2C208AE4002D5006 /* ViewController.swift */ = {isa = PBXFileReference; lastKnownFileType = sourcecode.swift; path = ViewController.swift; sourceTree = "<group>"; };
		A70C63802C208AE4002D5006 /* Base */ = {isa = PBXFileReference; lastKnownFileType = file.storyboard; name = Base; path = Base.lproj/Main.storyboard; sourceTree = "<group>"; };
		A70C63822C208AE5002D5006 /* Assets.xcassets */ = {isa = PBXFileReference; lastKnownFileType = folder.assetcatalog; path = Assets.xcassets; sourceTree = "<group>"; };
		A70C63852C208AE5002D5006 /* Base */ = {isa = PBXFileReference; lastKnownFileType = file.storyboard; name = Base; path = Base.lproj/LaunchScreen.storyboard; sourceTree = "<group>"; };
		A70C63872C208AE5002D5006 /* Info.plist */ = {isa = PBXFileReference; lastKnownFileType = text.plist.xml; path = Info.plist; sourceTree = "<group>"; };
		A70C638D2C208CF3002D5006 /* MainCollectionViewCell.swift */ = {isa = PBXFileReference; lastKnownFileType = sourcecode.swift; path = MainCollectionViewCell.swift; sourceTree = "<group>"; };
		A70C638E2C208CF3002D5006 /* MainCollectionViewCell.xib */ = {isa = PBXFileReference; lastKnownFileType = file.xib; path = MainCollectionViewCell.xib; sourceTree = "<group>"; };
		A70C63912C209ECE002D5006 /* model.json */ = {isa = PBXFileReference; fileEncoding = 4; lastKnownFileType = text.json; path = model.json; sourceTree = "<group>"; };
		A70C63932C209EFC002D5006 /* Model.swift */ = {isa = PBXFileReference; lastKnownFileType = sourcecode.swift; path = Model.swift; sourceTree = "<group>"; };
/* End PBXFileReference section */

/* Begin PBXFrameworksBuildPhase section */
		A70C63732C208AE4002D5006 /* Frameworks */ = {
			isa = PBXFrameworksBuildPhase;
			buildActionMask = 2147483647;
			files = (
			);
			runOnlyForDeploymentPostprocessing = 0;
		};
/* End PBXFrameworksBuildPhase section */

/* Begin PBXGroup section */
		A70C636D2C208AE4002D5006 = {
			isa = PBXGroup;
			children = (
				A70C63782C208AE4002D5006 /* CollectionView_5.2 */,
				A70C63772C208AE4002D5006 /* Products */,
			);
			sourceTree = "<group>";
		};
		A70C63772C208AE4002D5006 /* Products */ = {
			isa = PBXGroup;
			children = (
				A70C63762C208AE4002D5006 /* CollectionView_5.2.app */,
			);
			name = Products;
			sourceTree = "<group>";
		};
		A70C63782C208AE4002D5006 /* CollectionView_5.2 */ = {
			isa = PBXGroup;
			children = (
				A70C63912C209ECE002D5006 /* model.json */,
				A70C63792C208AE4002D5006 /* AppDelegate.swift */,
				A70C637B2C208AE4002D5006 /* SceneDelegate.swift */,
				A70C637D2C208AE4002D5006 /* ViewController.swift */,
				A70C637F2C208AE4002D5006 /* Main.storyboard */,
				A70C63822C208AE5002D5006 /* Assets.xcassets */,
				A70C63842C208AE5002D5006 /* LaunchScreen.storyboard */,
				A70C63872C208AE5002D5006 /* Info.plist */,
				A70C638D2C208CF3002D5006 /* MainCollectionViewCell.swift */,
				A70C638E2C208CF3002D5006 /* MainCollectionViewCell.xib */,
				A70C63932C209EFC002D5006 /* Model.swift */,
			);
			path = CollectionView_5.2;
			sourceTree = "<group>";
		};
/* End PBXGroup section */

/* Begin PBXNativeTarget section */
		A70C63752C208AE4002D5006 /* CollectionView_5.2 */ = {
			isa = PBXNativeTarget;
			buildConfigurationList = A70C638A2C208AE5002D5006 /* Build configuration list for PBXNativeTarget "CollectionView_5.2" */;
			buildPhases = (
				A70C63722C208AE4002D5006 /* Sources */,
				A70C63732C208AE4002D5006 /* Frameworks */,
				A70C63742C208AE4002D5006 /* Resources */,
			);
			buildRules = (
			);
			dependencies = (
			);
			name = CollectionView_5.2;
			productName = CollectionView_5.2;
			productReference = A70C63762C208AE4002D5006 /* CollectionView_5.2.app */;
			productType = "com.apple.product-type.application";
		};
/* End PBXNativeTarget section */

/* Begin PBXProject section */
		A70C636E2C208AE4002D5006 /* Project object */ = {
			isa = PBXProject;
			attributes = {
				BuildIndependentTargetsInParallel = 1;
				LastSwiftUpdateCheck = 1540;
				LastUpgradeCheck = 1540;
				TargetAttributes = {
					A70C63752C208AE4002D5006 = {
						CreatedOnToolsVersion = 15.4;
					};
				};
			};
			buildConfigurationList = A70C63712C208AE4002D5006 /* Build configuration list for PBXProject "CollectionView_5.2" */;
			compatibilityVersion = "Xcode 14.0";
			developmentRegion = en;
			hasScannedForEncodings = 0;
			knownRegions = (
				en,
				Base,
			);
			mainGroup = A70C636D2C208AE4002D5006;
			productRefGroup = A70C63772C208AE4002D5006 /* Products */;
			projectDirPath = "";
			projectRoot = "";
			targets = (
				A70C63752C208AE4002D5006 /* CollectionView_5.2 */,
			);
		};
/* End PBXProject section */

/* Begin PBXResourcesBuildPhase section */
		A70C63742C208AE4002D5006 /* Resources */ = {
			isa = PBXResourcesBuildPhase;
			buildActionMask = 2147483647;
			files = (
				A70C63832C208AE5002D5006 /* Assets.xcassets in Resources */,
				A70C63862C208AE5002D5006 /* Base in Resources */,
				A70C63922C209ECE002D5006 /* model.json in Resources */,
				A70C63812C208AE4002D5006 /* Base in Resources */,
				A70C63902C208CF3002D5006 /* MainCollectionViewCell.xib in Resources */,
			);
			runOnlyForDeploymentPostprocessing = 0;
		};
/* End PBXResourcesBuildPhase section */

/* Begin PBXSourcesBuildPhase section */
		A70C63722C208AE4002D5006 /* Sources */ = {
			isa = PBXSourcesBuildPhase;
			buildActionMask = 2147483647;
			files = (
				A70C63942C209EFC002D5006 /* Model.swift in Sources */,
				A70C637E2C208AE4002D5006 /* ViewController.swift in Sources */,
				A70C637A2C208AE4002D5006 /* AppDelegate.swift in Sources */,
				A70C637C2C208AE4002D5006 /* SceneDelegate.swift in Sources */,
				A70C638F2C208CF3002D5006 /* MainCollectionViewCell.swift in Sources */,
			);
			runOnlyForDeploymentPostprocessing = 0;
		};
/* End PBXSourcesBuildPhase section */

/* Begin PBXVariantGroup section */
		A70C637F2C208AE4002D5006 /* Main.storyboard */ = {
			isa = PBXVariantGroup;
			children = (
				A70C63802C208AE4002D5006 /* Base */,
			);
			name = Main.storyboard;
			sourceTree = "<group>";
		};
		A70C63842C208AE5002D5006 /* LaunchScreen.storyboard */ = {
			isa = PBXVariantGroup;
			children = (
				A70C63852C208AE5002D5006 /* Base */,
			);
			name = LaunchScreen.storyboard;
			sourceTree = "<group>";
		};
/* End PBXVariantGroup section */

/* Begin XCBuildConfiguration section */
		A70C63882C208AE5002D5006 /* Debug */ = {
			isa = XCBuildConfiguration;
			buildSettings = {
				ALWAYS_SEARCH_USER_PATHS = NO;
				ASSETCATALOG_COMPILER_GENERATE_SWIFT_ASSET_SYMBOL_EXTENSIONS = YES;
				CLANG_ANALYZER_NONNULL = YES;
				CLANG_ANALYZER_NUMBER_OBJECT_CONVERSION = YES_AGGRESSIVE;
				CLANG_CXX_LANGUAGE_STANDARD = "gnu++20";
				CLANG_ENABLE_MODULES = YES;
				CLANG_ENABLE_OBJC_ARC = YES;
				CLANG_ENABLE_OBJC_WEAK = YES;
				CLANG_WARN_BLOCK_CAPTURE_AUTORELEASING = YES;
				CLANG_WARN_BOOL_CONVERSION = YES;
				CLANG_WARN_COMMA = YES;
				CLANG_WARN_CONSTANT_CONVERSION = YES;
				CLANG_WARN_DEPRECATED_OBJC_IMPLEMENTATIONS = YES;
				CLANG_WARN_DIRECT_OBJC_ISA_USAGE = YES_ERROR;
				CLANG_WARN_DOCUMENTATION_COMMENTS = YES;
				CLANG_WARN_EMPTY_BODY = YES;
				CLANG_WARN_ENUM_CONVERSION = YES;
				CLANG_WARN_INFINITE_RECURSION = YES;
				CLANG_WARN_INT_CONVERSION = YES;
				CLANG_WARN_NON_LITERAL_NULL_CONVERSION = YES;
				CLANG_WARN_OBJC_IMPLICIT_RETAIN_SELF = YES;
				CLANG_WARN_OBJC_LITERAL_CONVERSION = YES;
				CLANG_WARN_OBJC_ROOT_CLASS = YES_ERROR;
				CLANG_WARN_QUOTED_INCLUDE_IN_FRAMEWORK_HEADER = YES;
				CLANG_WARN_RANGE_LOOP_ANALYSIS = YES;
				CLANG_WARN_STRICT_PROTOTYPES = YES;
				CLANG_WARN_SUSPICIOUS_MOVE = YES;
				CLANG_WARN_UNGUARDED_AVAILABILITY = YES_AGGRESSIVE;
				CLANG_WARN_UNREACHABLE_CODE = YES;
				CLANG_WARN__DUPLICATE_METHOD_MATCH = YES;
				COPY_PHASE_STRIP = NO;
				DEBUG_INFORMATION_FORMAT = dwarf;
				ENABLE_STRICT_OBJC_MSGSEND = YES;
				ENABLE_TESTABILITY = YES;
				ENABLE_USER_SCRIPT_SANDBOXING = YES;
				GCC_C_LANGUAGE_STANDARD = gnu17;
				GCC_DYNAMIC_NO_PIC = NO;
				GCC_NO_COMMON_BLOCKS = YES;
				GCC_OPTIMIZATION_LEVEL = 0;
				GCC_PREPROCESSOR_DEFINITIONS = (
					"DEBUG=1",
					"$(inherited)",
				);
				GCC_WARN_64_TO_32_BIT_CONVERSION = YES;
				GCC_WARN_ABOUT_RETURN_TYPE = YES_ERROR;
				GCC_WARN_UNDECLARED_SELECTOR = YES;
				GCC_WARN_UNINITIALIZED_AUTOS = YES_AGGRESSIVE;
				GCC_WARN_UNUSED_FUNCTION = YES;
				GCC_WARN_UNUSED_VARIABLE = YES;
				IPHONEOS_DEPLOYMENT_TARGET = 17.5;
				LOCALIZATION_PREFERS_STRING_CATALOGS = YES;
				MTL_ENABLE_DEBUG_INFO = INCLUDE_SOURCE;
				MTL_FAST_MATH = YES;
				ONLY_ACTIVE_ARCH = YES;
				SDKROOT = iphoneos;
				SWIFT_ACTIVE_COMPILATION_CONDITIONS = "DEBUG $(inherited)";
				SWIFT_OPTIMIZATION_LEVEL = "-Onone";
			};
			name = Debug;
		};
		A70C63892C208AE5002D5006 /* Release */ = {
			isa = XCBuildConfiguration;
			buildSettings = {
				ALWAYS_SEARCH_USER_PATHS = NO;
				ASSETCATALOG_COMPILER_GENERATE_SWIFT_ASSET_SYMBOL_EXTENSIONS = YES;
				CLANG_ANALYZER_NONNULL = YES;
				CLANG_ANALYZER_NUMBER_OBJECT_CONVERSION = YES_AGGRESSIVE;
				CLANG_CXX_LANGUAGE_STANDARD = "gnu++20";
				CLANG_ENABLE_MODULES = YES;
				CLANG_ENABLE_OBJC_ARC = YES;
				CLANG_ENABLE_OBJC_WEAK = YES;
				CLANG_WARN_BLOCK_CAPTURE_AUTORELEASING = YES;
				CLANG_WARN_BOOL_CONVERSION = YES;
				CLANG_WARN_COMMA = YES;
				CLANG_WARN_CONSTANT_CONVERSION = YES;
				CLANG_WARN_DEPRECATED_OBJC_IMPLEMENTATIONS = YES;
				CLANG_WARN_DIRECT_OBJC_ISA_USAGE = YES_ERROR;
				CLANG_WARN_DOCUMENTATION_COMMENTS = YES;
				CLANG_WARN_EMPTY_BODY = YES;
				CLANG_WARN_ENUM_CONVERSION = YES;
				CLANG_WARN_INFINITE_RECURSION = YES;
				CLANG_WARN_INT_CONVERSION = YES;
				CLANG_WARN_NON_LITERAL_NULL_CONVERSION = YES;
				CLANG_WARN_OBJC_IMPLICIT_RETAIN_SELF = YES;
				CLANG_WARN_OBJC_LITERAL_CONVERSION = YES;
				CLANG_WARN_OBJC_ROOT_CLASS = YES_ERROR;
				CLANG_WARN_QUOTED_INCLUDE_IN_FRAMEWORK_HEADER = YES;
				CLANG_WARN_RANGE_LOOP_ANALYSIS = YES;
				CLANG_WARN_STRICT_PROTOTYPES = YES;
				CLANG_WARN_SUSPICIOUS_MOVE = YES;
				CLANG_WARN_UNGUARDED_AVAILABILITY = YES_AGGRESSIVE;
				CLANG_WARN_UNREACHABLE_CODE = YES;
				CLANG_WARN__DUPLICATE_METHOD_MATCH = YES;
				COPY_PHASE_STRIP = NO;
				DEBUG_INFORMATION_FORMAT = "dwarf-with-dsym";
				ENABLE_NS_ASSERTIONS = NO;
				ENABLE_STRICT_OBJC_MSGSEND = YES;
				ENABLE_USER_SCRIPT_SANDBOXING = YES;
				GCC_C_LANGUAGE_STANDARD = gnu17;
				GCC_NO_COMMON_BLOCKS = YES;
				GCC_WARN_64_TO_32_BIT_CONVERSION = YES;
				GCC_WARN_ABOUT_RETURN_TYPE = YES_ERROR;
				GCC_WARN_UNDECLARED_SELECTOR = YES;
				GCC_WARN_UNINITIALIZED_AUTOS = YES_AGGRESSIVE;
				GCC_WARN_UNUSED_FUNCTION = YES;
				GCC_WARN_UNUSED_VARIABLE = YES;
				IPHONEOS_DEPLOYMENT_TARGET = 17.5;
				LOCALIZATION_PREFERS_STRING_CATALOGS = YES;
				MTL_ENABLE_DEBUG_INFO = NO;
				MTL_FAST_MATH = YES;
				SDKROOT = iphoneos;
				SWIFT_COMPILATION_MODE = wholemodule;
				VALIDATE_PRODUCT = YES;
			};
			name = Release;
		};
		A70C638B2C208AE5002D5006 /* Debug */ = {
			isa = XCBuildConfiguration;
			buildSettings = {
				ASSETCATALOG_COMPILER_APPICON_NAME = AppIcon;
				ASSETCATALOG_COMPILER_GLOBAL_ACCENT_COLOR_NAME = AccentColor;
				CODE_SIGN_STYLE = Automatic;
				CURRENT_PROJECT_VERSION = 1;
				GENERATE_INFOPLIST_FILE = YES;
				INFOPLIST_FILE = CollectionView_5.2/Info.plist;
				INFOPLIST_KEY_UIApplicationSupportsIndirectInputEvents = YES;
				INFOPLIST_KEY_UILaunchStoryboardName = LaunchScreen;
				INFOPLIST_KEY_UIMainStoryboardFile = Main;
				INFOPLIST_KEY_UISupportedInterfaceOrientations_iPad = "UIInterfaceOrientationPortrait UIInterfaceOrientationPortraitUpsideDown UIInterfaceOrientationLandscapeLeft UIInterfaceOrientationLandscapeRight";
				INFOPLIST_KEY_UISupportedInterfaceOrientations_iPhone = "UIInterfaceOrientationPortrait UIInterfaceOrientationLandscapeLeft UIInterfaceOrientationLandscapeRight";
				LD_RUNPATH_SEARCH_PATHS = (
					"$(inherited)",
					"@executable_path/Frameworks",
				);
				MARKETING_VERSION = 1.0;
				PRODUCT_BUNDLE_IDENTIFIER = "com.psi.CollectionView-5-2";
				PRODUCT_NAME = "$(TARGET_NAME)";
				SWIFT_EMIT_LOC_STRINGS = YES;
				SWIFT_VERSION = 5.0;
				TARGETED_DEVICE_FAMILY = "1,2";
			};
			name = Debug;
		};
		A70C638C2C208AE5002D5006 /* Release */ = {
			isa = XCBuildConfiguration;
			buildSettings = {
				ASSETCATALOG_COMPILER_APPICON_NAME = AppIcon;
				ASSETCATALOG_COMPILER_GLOBAL_ACCENT_COLOR_NAME = AccentColor;
				CODE_SIGN_STYLE = Automatic;
				CURRENT_PROJECT_VERSION = 1;
				GENERATE_INFOPLIST_FILE = YES;
				INFOPLIST_FILE = CollectionView_5.2/Info.plist;
				INFOPLIST_KEY_UIApplicationSupportsIndirectInputEvents = YES;
				INFOPLIST_KEY_UILaunchStoryboardName = LaunchScreen;
				INFOPLIST_KEY_UIMainStoryboardFile = Main;
				INFOPLIST_KEY_UISupportedInterfaceOrientations_iPad = "UIInterfaceOrientationPortrait UIInterfaceOrientationPortraitUpsideDown UIInterfaceOrientationLandscapeLeft UIInterfaceOrientationLandscapeRight";
				INFOPLIST_KEY_UISupportedInterfaceOrientations_iPhone = "UIInterfaceOrientationPortrait UIInterfaceOrientationLandscapeLeft UIInterfaceOrientationLandscapeRight";
				LD_RUNPATH_SEARCH_PATHS = (
					"$(inherited)",
					"@executable_path/Frameworks",
				);
				MARKETING_VERSION = 1.0;
				PRODUCT_BUNDLE_IDENTIFIER = "com.psi.CollectionView-5-2";
				PRODUCT_NAME = "$(TARGET_NAME)";
				SWIFT_EMIT_LOC_STRINGS = YES;
				SWIFT_VERSION = 5.0;
				TARGETED_DEVICE_FAMILY = "1,2";
			};
			name = Release;
		};
/* End XCBuildConfiguration section */

/* Begin XCConfigurationList section */
		A70C63712C208AE4002D5006 /* Build configuration list for PBXProject "CollectionView_5.2" */ = {
			isa = XCConfigurationList;
			buildConfigurations = (
				A70C63882C208AE5002D5006 /* Debug */,
				A70C63892C208AE5002D5006 /* Release */,
			);
			defaultConfigurationIsVisible = 0;
			defaultConfigurationName = Release;
		};
		A70C638A2C208AE5002D5006 /* Build configuration list for PBXNativeTarget "CollectionView_5.2" */ = {
			isa = XCConfigurationList;
			buildConfigurations = (
				A70C638B2C208AE5002D5006 /* Debug */,
				A70C638C2C208AE5002D5006 /* Release */,
			);
			defaultConfigurationIsVisible = 0;
			defaultConfigurationName = Release;
		};
/* End XCConfigurationList section */
	};
	rootObject = A70C636E2C208AE4002D5006 /* Project object */;
}
